
Microsoft Visual Studio Solution File, Format Version 12.00
# Visual Studio Version 16
VisualStudioVersion = 16.0.29519.181
MinimumVisualStudioVersion = 10.0.40219.1
Project("{FAE04EC0-301F-11D3-BF4B-00C04F79EFBC}") = "Arrays", "Arrays\Arrays.csproj", "{75F3BB1D-8F32-414C-BE00-09C1BF75440B}"
EndProject
Global
	GlobalSection(SolutionConfigurationPlatforms) = preSolution
		Debug|Any CPU = Debug|Any CPU
		Release|Any CPU = Release|Any CPU
	EndGlobalSection
	GlobalSection(ProjectConfigurationPlatforms) = postSolution
		{75F3BB1D-8F32-414C-BE00-09C1BF75440B}.Debug|Any CPU.ActiveCfg = Debug|Any CPU
		{75F3BB1D-8F32-414C-BE00-09C1BF75440B}.Debug|Any CPU.Build.0 = Debug|Any CPU
		{75F3BB1D-8F32-414C-BE00-09C1BF75440B}.Release|Any CPU.ActiveCfg = Release|Any CPU
		{75F3BB1D-8F32-414C-BE00-09C1BF75440B}.Release|Any CPU.Build.0 = Release|Any CPU
	EndGlobalSection
	GlobalSection(SolutionProperties) = preSolution
		HideSolutionNode = FALSE
	EndGlobalSection
	GlobalSection(ExtensibilityGlobals) = postSolution
		SolutionGuid = {99C1AAF5-7D14-40DE-B871-16C8B84DE512}
	EndGlobalSection
EndGlobal
